
Microsoft Visual Studio Solution File, Format Version 12.00
# Visual Studio Version 17
VisualStudioVersion = 17.6.33829.357
MinimumVisualStudioVersion = 10.0.40219.1
Project("{FAE04EC0-301F-11D3-BF4B-00C04F79EFBC}") = "RoltaTimeSheet", "RoltaTimeSheet.csproj", "{5236FB58-146C-4FA9-9467-C0D908E55635}"
EndProject
Global
	GlobalSection(SolutionConfigurationPlatforms) = preSolution
		Debug|Any CPU = Debug|Any CPU
		Release|Any CPU = Release|Any CPU
	EndGlobalSection
	GlobalSection(ProjectConfigurationPlatforms) = postSolution
		{5236FB58-146C-4FA9-9467-C0D908E55635}.Debug|Any CPU.ActiveCfg = Debug|Any CPU
		{5236FB58-146C-4FA9-9467-C0D908E55635}.Debug|Any CPU.Build.0 = Debug|Any CPU
		{5236FB58-146C-4FA9-9467-C0D908E55635}.Release|Any CPU.ActiveCfg = Release|Any CPU
		{5236FB58-146C-4FA9-9467-C0D908E55635}.Release|Any CPU.Build.0 = Release|Any CPU
	EndGlobalSection
	GlobalSection(SolutionProperties) = preSolution
		HideSolutionNode = FALSE
	EndGlobalSection
	GlobalSection(ExtensibilityGlobals) = postSolution
		SolutionGuid = {66C65A31-A218-403F-B3C4-55014A45DB08}
	EndGlobalSection
EndGlobal
